
Microsoft Visual Studio Solution File, Format Version 12.00
# Visual Studio 15
VisualStudioVersion = 15.0.26403.3
MinimumVisualStudioVersion = 10.0.40219.1
Project("{2150E333-8FDC-42A3-9474-1A3956D46DE8}") = "Data", "Data", "{EF624642-B0B9-4884-B5A9-6B6345B195CE}"
EndProject
Project("{2150E333-8FDC-42A3-9474-1A3956D46DE8}") = "Clients", "Clients", "{71B6379A-0A73-4F58-9052-6476D535DC53}"
EndProject
Project("{2150E333-8FDC-42A3-9474-1A3956D46DE8}") = "Tests", "Tests", "{11EAB56D-9F96-4EB9-8BE0-5B26440D736D}"
EndProject
Project("{2150E333-8FDC-42A3-9474-1A3956D46DE8}") = "Services", "Services", "{869ACC6D-9727-45F4-A983-FA564664ED67}"
EndProject
Project("{FAE04EC0-301F-11D3-BF4B-00C04F79EFBC}") = "TeamBuilder.Clients.Web", "Clients\TeamBuilder.Clients.Web\TeamBuilder.Clients.Web.csproj", "{6256F197-1E29-40C8-AD30-9132E966E1B0}"
EndProject
Project("{FAE04EC0-301F-11D3-BF4B-00C04F79EFBC}") = "TeamBuilder.Clients.Models", "Clients\TeamBuilder.Clients.Models\TeamBuilder.Clients.Models.csproj", "{ED6DD932-B8EE-4B03-82C0-48E9069E4050}"
EndProject
Project("{FAE04EC0-301F-11D3-BF4B-00C04F79EFBC}") = "TeamBuilder.Clients.Common", "Clients\TeamBuilder.Clients.Common\TeamBuilder.Clients.Common.csproj", "{FEFED12A-52E8-4A93-89AD-F5C06FFD8549}"
EndProject
Project("{FAE04EC0-301F-11D3-BF4B-00C04F79EFBC}") = "TeamBuilder.Clients.Infrastructure", "Clients\TeamBuilder.Clients.Infrastructure\TeamBuilder.Clients.Infrastructure.csproj", "{19D5A1C3-359A-467F-8AE8-A7C1A6976903}"
EndProject
Project("{FAE04EC0-301F-11D3-BF4B-00C04F79EFBC}") = "TeamBuilder.Data", "Data\TeamBuilder.Data\TeamBuilder.Data.csproj", "{4B253F06-B1F4-407F-8160-3CF8891FA511}"
EndProject
Project("{FAE04EC0-301F-11D3-BF4B-00C04F79EFBC}") = "TeamBuilder.Data.Models", "Data\TeamBuilder.Data.Models\TeamBuilder.Data.Models.csproj", "{01F892C3-DAC7-4078-BFC6-FD5EF3A6BDBE}"
EndProject
Project("{FAE04EC0-301F-11D3-BF4B-00C04F79EFBC}") = "TeamBuilder.Data.Common", "Data\TeamBuilder.Data.Common\TeamBuilder.Data.Common.csproj", "{F11FD5D8-4E5C-4201-88D6-667E9CD144A0}"
EndProject
Project("{FAE04EC0-301F-11D3-BF4B-00C04F79EFBC}") = "TeamBuilder.Services.Common", "Services\TeamBuilder.Services.Common\TeamBuilder.Services.Common.csproj", "{6C43E67F-BBE5-47E9-8892-19EB2770A5B9}"
EndProject
Project("{FAE04EC0-301F-11D3-BF4B-00C04F79EFBC}") = "TeamBuilder.Services.Data", "Services\TeamBuilder.Services.Data\TeamBuilder.Services.Data.csproj", "{15B83E02-74B5-43D5-8F80-4FC58DF0CD7D}"
EndProject
Project("{FAE04EC0-301F-11D3-BF4B-00C04F79EFBC}") = "TeamBuilder.Web.Tests", "Tests\TeamBuilder.Web.Tests\TeamBuilder.Web.Tests.csproj", "{4165ED99-593F-4213-897E-D0332634866D}"
EndProject
Project("{FAE04EC0-301F-11D3-BF4B-00C04F79EFBC}") = "TeamBuilder.Data.Tests", "Tests\TeamBuilder.Data.Tests\TeamBuilder.Data.Tests.csproj", "{7FA7F8DF-A7B1-4084-943F-95308287E48F}"
EndProject
Global
	GlobalSection(SolutionConfigurationPlatforms) = preSolution
		Debug|Any CPU = Debug|Any CPU
		Release|Any CPU = Release|Any CPU
	EndGlobalSection
	GlobalSection(ProjectConfigurationPlatforms) = postSolution
		{6256F197-1E29-40C8-AD30-9132E966E1B0}.Debug|Any CPU.ActiveCfg = Debug|Any CPU
		{6256F197-1E29-40C8-AD30-9132E966E1B0}.Debug|Any CPU.Build.0 = Debug|Any CPU
		{6256F197-1E29-40C8-AD30-9132E966E1B0}.Release|Any CPU.ActiveCfg = Release|Any CPU
		{6256F197-1E29-40C8-AD30-9132E966E1B0}.Release|Any CPU.Build.0 = Release|Any CPU
		{ED6DD932-B8EE-4B03-82C0-48E9069E4050}.Debug|Any CPU.ActiveCfg = Debug|Any CPU
		{ED6DD932-B8EE-4B03-82C0-48E9069E4050}.Debug|Any CPU.Build.0 = Debug|Any CPU
		{ED6DD932-B8EE-4B03-82C0-48E9069E4050}.Release|Any CPU.ActiveCfg = Release|Any CPU
		{ED6DD932-B8EE-4B03-82C0-48E9069E4050}.Release|Any CPU.Build.0 = Release|Any CPU
		{FEFED12A-52E8-4A93-89AD-F5C06FFD8549}.Debug|Any CPU.ActiveCfg = Debug|Any CPU
		{FEFED12A-52E8-4A93-89AD-F5C06FFD8549}.Debug|Any CPU.Build.0 = Debug|Any CPU
		{FEFED12A-52E8-4A93-89AD-F5C06FFD8549}.Release|Any CPU.ActiveCfg = Release|Any CPU
		{FEFED12A-52E8-4A93-89AD-F5C06FFD8549}.Release|Any CPU.Build.0 = Release|Any CPU
		{19D5A1C3-359A-467F-8AE8-A7C1A6976903}.Debug|Any CPU.ActiveCfg = Debug|Any CPU
		{19D5A1C3-359A-467F-8AE8-A7C1A6976903}.Debug|Any CPU.Build.0 = Debug|Any CPU
		{19D5A1C3-359A-467F-8AE8-A7C1A6976903}.Release|Any CPU.ActiveCfg = Release|Any CPU
		{19D5A1C3-359A-467F-8AE8-A7C1A6976903}.Release|Any CPU.Build.0 = Release|Any CPU
		{4B253F06-B1F4-407F-8160-3CF8891FA511}.Debug|Any CPU.ActiveCfg = Debug|Any CPU
		{4B253F06-B1F4-407F-8160-3CF8891FA511}.Debug|Any CPU.Build.0 = Debug|Any CPU
		{4B253F06-B1F4-407F-8160-3CF8891FA511}.Release|Any CPU.ActiveCfg = Release|Any CPU
		{4B253F06-B1F4-407F-8160-3CF8891FA511}.Release|Any CPU.Build.0 = Release|Any CPU
		{01F892C3-DAC7-4078-BFC6-FD5EF3A6BDBE}.Debug|Any CPU.ActiveCfg = Debug|Any CPU
		{01F892C3-DAC7-4078-BFC6-FD5EF3A6BDBE}.Debug|Any CPU.Build.0 = Debug|Any CPU
		{01F892C3-DAC7-4078-BFC6-FD5EF3A6BDBE}.Release|Any CPU.ActiveCfg = Release|Any CPU
		{01F892C3-DAC7-4078-BFC6-FD5EF3A6BDBE}.Release|Any CPU.Build.0 = Release|Any CPU
		{F11FD5D8-4E5C-4201-88D6-667E9CD144A0}.Debug|Any CPU.ActiveCfg = Debug|Any CPU
		{F11FD5D8-4E5C-4201-88D6-667E9CD144A0}.Debug|Any CPU.Build.0 = Debug|Any CPU
		{F11FD5D8-4E5C-4201-88D6-667E9CD144A0}.Release|Any CPU.ActiveCfg = Release|Any CPU
		{F11FD5D8-4E5C-4201-88D6-667E9CD144A0}.Release|Any CPU.Build.0 = Release|Any CPU
		{6C43E67F-BBE5-47E9-8892-19EB2770A5B9}.Debug|Any CPU.ActiveCfg = Debug|Any CPU
		{6C43E67F-BBE5-47E9-8892-19EB2770A5B9}.Debug|Any CPU.Build.0 = Debug|Any CPU
		{6C43E67F-BBE5-47E9-8892-19EB2770A5B9}.Release|Any CPU.ActiveCfg = Release|Any CPU
		{6C43E67F-BBE5-47E9-8892-19EB2770A5B9}.Release|Any CPU.Build.0 = Release|Any CPU
		{15B83E02-74B5-43D5-8F80-4FC58DF0CD7D}.Debug|Any CPU.ActiveCfg = Debug|Any CPU
		{15B83E02-74B5-43D5-8F80-4FC58DF0CD7D}.Debug|Any CPU.Build.0 = Debug|Any CPU
		{15B83E02-74B5-43D5-8F80-4FC58DF0CD7D}.Release|Any CPU.ActiveCfg = Release|Any CPU
		{15B83E02-74B5-43D5-8F80-4FC58DF0CD7D}.Release|Any CPU.Build.0 = Release|Any CPU
		{4165ED99-593F-4213-897E-D0332634866D}.Debug|Any CPU.ActiveCfg = Debug|Any CPU
		{4165ED99-593F-4213-897E-D0332634866D}.Debug|Any CPU.Build.0 = Debug|Any CPU
		{4165ED99-593F-4213-897E-D0332634866D}.Release|Any CPU.ActiveCfg = Release|Any CPU
		{4165ED99-593F-4213-897E-D0332634866D}.Release|Any CPU.Build.0 = Release|Any CPU
		{7FA7F8DF-A7B1-4084-943F-95308287E48F}.Debug|Any CPU.ActiveCfg = Debug|Any CPU
		{7FA7F8DF-A7B1-4084-943F-95308287E48F}.Debug|Any CPU.Build.0 = Debug|Any CPU
		{7FA7F8DF-A7B1-4084-943F-95308287E48F}.Release|Any CPU.ActiveCfg = Release|Any CPU
		{7FA7F8DF-A7B1-4084-943F-95308287E48F}.Release|Any CPU.Build.0 = Release|Any CPU
	EndGlobalSection
	GlobalSection(SolutionProperties) = preSolution
		HideSolutionNode = FALSE
	EndGlobalSection
	GlobalSection(NestedProjects) = preSolution
		{6256F197-1E29-40C8-AD30-9132E966E1B0} = {71B6379A-0A73-4F58-9052-6476D535DC53}
		{ED6DD932-B8EE-4B03-82C0-48E9069E4050} = {71B6379A-0A73-4F58-9052-6476D535DC53}
		{FEFED12A-52E8-4A93-89AD-F5C06FFD8549} = {71B6379A-0A73-4F58-9052-6476D535DC53}
		{19D5A1C3-359A-467F-8AE8-A7C1A6976903} = {71B6379A-0A73-4F58-9052-6476D535DC53}
		{4B253F06-B1F4-407F-8160-3CF8891FA511} = {EF624642-B0B9-4884-B5A9-6B6345B195CE}
		{01F892C3-DAC7-4078-BFC6-FD5EF3A6BDBE} = {EF624642-B0B9-4884-B5A9-6B6345B195CE}
		{F11FD5D8-4E5C-4201-88D6-667E9CD144A0} = {EF624642-B0B9-4884-B5A9-6B6345B195CE}
		{6C43E67F-BBE5-47E9-8892-19EB2770A5B9} = {869ACC6D-9727-45F4-A983-FA564664ED67}
		{15B83E02-74B5-43D5-8F80-4FC58DF0CD7D} = {869ACC6D-9727-45F4-A983-FA564664ED67}
		{4165ED99-593F-4213-897E-D0332634866D} = {11EAB56D-9F96-4EB9-8BE0-5B26440D736D}
		{7FA7F8DF-A7B1-4084-943F-95308287E48F} = {11EAB56D-9F96-4EB9-8BE0-5B26440D736D}
	EndGlobalSection
EndGlobal
